
Microsoft Visual Studio Solution File, Format Version 12.00
# Visual Studio Version 17
VisualStudioVersion = 17.8.34322.80
MinimumVisualStudioVersion = 10.0.40219.1
Project("{8BC9CEB8-8B4A-11D0-8D11-00A0C91BC942}") = "nova-engine", "nova-engine\nova-engine.vcxproj", "{58074C27-4747-42C6-8F91-596E9FC315B1}"
	ProjectSection(ProjectDependencies) = postProject
		{1D6EBA97-9D53-4F68-B4E2-055C8FA4EFCD} = {1D6EBA97-9D53-4F68-B4E2-055C8FA4EFCD}
	EndProjectSection
EndProject
Project("{8BC9CEB8-8B4A-11D0-8D11-00A0C91BC942}") = "nova-script", "nova-script\nova-script.vcxproj", "{1D6EBA97-9D53-4F68-B4E2-055C8FA4EFCD}"
EndProject
Global
	GlobalSection(SolutionConfigurationPlatforms) = preSolution
		Debug|x64 = Debug|x64
		Debug|x86 = Debug|x86
		Release|x64 = Release|x64
		Release|x86 = Release|x86
	EndGlobalSection
	GlobalSection(ProjectConfigurationPlatforms) = postSolution
		{58074C27-4747-42C6-8F91-596E9FC315B1}.Debug|x64.ActiveCfg = Debug|x64
		{58074C27-4747-42C6-8F91-596E9FC315B1}.Debug|x64.Build.0 = Debug|x64
		{58074C27-4747-42C6-8F91-596E9FC315B1}.Debug|x86.ActiveCfg = Debug|Win32
		{58074C27-4747-42C6-8F91-596E9FC315B1}.Debug|x86.Build.0 = Debug|Win32
		{58074C27-4747-42C6-8F91-596E9FC315B1}.Release|x64.ActiveCfg = Release|x64
		{58074C27-4747-42C6-8F91-596E9FC315B1}.Release|x64.Build.0 = Release|x64
		{58074C27-4747-42C6-8F91-596E9FC315B1}.Release|x86.ActiveCfg = Release|Win32
		{58074C27-4747-42C6-8F91-596E9FC315B1}.Release|x86.Build.0 = Release|Win32
		{1D6EBA97-9D53-4F68-B4E2-055C8FA4EFCD}.Debug|x64.ActiveCfg = Debug|x64
		{1D6EBA97-9D53-4F68-B4E2-055C8FA4EFCD}.Debug|x64.Build.0 = Debug|x64
		{1D6EBA97-9D53-4F68-B4E2-055C8FA4EFCD}.Debug|x86.ActiveCfg = Debug|Win32
		{1D6EBA97-9D53-4F68-B4E2-055C8FA4EFCD}.Debug|x86.Build.0 = Debug|Win32
		{1D6EBA97-9D53-4F68-B4E2-055C8FA4EFCD}.Release|x64.ActiveCfg = Release|x64
		{1D6EBA97-9D53-4F68-B4E2-055C8FA4EFCD}.Release|x64.Build.0 = Release|x64
		{1D6EBA97-9D53-4F68-B4E2-055C8FA4EFCD}.Release|x86.ActiveCfg = Release|Win32
		{1D6EBA97-9D53-4F68-B4E2-055C8FA4EFCD}.Release|x86.Build.0 = Release|Win32
	EndGlobalSection
	GlobalSection(SolutionProperties) = preSolution
		HideSolutionNode = FALSE
	EndGlobalSection
	GlobalSection(ExtensibilityGlobals) = postSolution
		SolutionGuid = {3F03DD77-3EAC-498A-BDE4-24FA1ADF82A1}
	EndGlobalSection
EndGlobal
