<?xml version="1.0" encoding="utf-8"?>
<Project ToolsVersion="4.0" xmlns="http://schemas.microsoft.com/developer/msbuild/2003">
  <ItemGroup>
    <Filter Include="Source Files">
      <UniqueIdentifier>{4FC737F1-C7A5-4376-A066-2A32D752A2FF}</UniqueIdentifier>
      <Extensions>cpp;c;cc;cxx;c++;cppm;ixx;def;odl;idl;hpj;bat;asm;asmx</Extensions>
    </Filter>
    <Filter Include="Header Files">
      <UniqueIdentifier>{93995380-89BD-4b04-88EB-625FBE52EBFB}</UniqueIdentifier>
      <Extensions>h;hh;hpp;hxx;h++;hm;inl;inc;ipp;xsd</Extensions>
    </Filter>
    <Filter Include="Resource Files">
      <UniqueIdentifier>{67DA6AB6-F800-4c08-8B7A-83BB121AAD01}</UniqueIdentifier>
      <Extensions>rc;ico;cur;bmp;dlg;rc2;rct;bin;rgs;gif;jpg;jpeg;jpe;resx;tiff;tif;png;wav;mfcribbon-ms</Extensions>
    </Filter>
  </ItemGroup>
  <ItemGroup>
    <ClCompile Include="Src\Assets\Image\FileImage.cpp">
      <Filter>Source Files</Filter>
    </ClCompile>
    <ClCompile Include="Src\Assets\Image\Image.cpp">
      <Filter>Source Files</Filter>
    </ClCompile>
    <ClCompile Include="Src\Assets\Material\Material.cpp">
      <Filter>Source Files</Filter>
    </ClCompile>
    <ClCompile Include="Src\Assets\Mesh2D\Mesh2D.cpp">
      <Filter>Source Files</Filter>
    </ClCompile>
    <ClCompile Include="Src\Assets\Asset.cpp">
      <Filter>Source Files</Filter>
    </ClCompile>
    <ClCompile Include="Src\Core\Engine.cpp">
      <Filter>Source Files</Filter>
    </ClCompile>
    <ClCompile Include="Src\Scene\Scene.cpp">
      <Filter>Source Files</Filter>
    </ClCompile>
    <ClCompile Include="Src\Objects\Object.cpp">
      <Filter>Source Files</Filter>
    </ClCompile>
    <ClCompile Include="Src\Core\Signal.cpp">
      <Filter>Source Files</Filter>
    </ClCompile>
    <ClCompile Include="Src\Platform\Agnostic\main.cpp">
      <Filter>Source Files</Filter>
    </ClCompile>
    <ClCompile Include="Src\Platform\Agnostic\Window.cpp">
      <Filter>Source Files</Filter>
    </ClCompile>
    <ClCompile Include="Src\Platform\Windows\MSMain.cpp">
      <Filter>Source Files</Filter>
    </ClCompile>
    <ClCompile Include="Src\glad.c">
      <Filter>Source Files</Filter>
    </ClCompile>
    <ClCompile Include="Src\Objects\2D\Object2D.cpp">
      <Filter>Source Files</Filter>
    </ClCompile>
    <ClCompile Include="Src\Objects\2D\VisualInstance2D\VisualInstance2D.cpp">
      <Filter>Source Files</Filter>
    </ClCompile>
    <ClCompile Include="Src\Objects\2D\VisualInstance2D\Sprite2D.cpp">
      <Filter>Source Files</Filter>
    </ClCompile>
    <ClCompile Include="Src\Assets\Mesh2D\BoxMesh2D.cpp">
      <Filter>Source Files</Filter>
    </ClCompile>
    <ClCompile Include="Src\Core\AssetDB.cpp">
      <Filter>Source Files</Filter>
    </ClCompile>
    <ClCompile Include="Src\Objects\2D\Camera2D.cpp">
      <Filter>Source Files</Filter>
    </ClCompile>
    <ClCompile Include="Src\Objects\2D\_Internal\DevCamera2D.cpp">
      <Filter>Source Files</Filter>
    </ClCompile>
    <ClCompile Include="Src\Assets\Script\Script.cpp">
      <Filter>Source Files</Filter>
    </ClCompile>
    <ClCompile Include="Src\Scene\SceneParser.cpp">
      <Filter>Source Files</Filter>
    </ClCompile>
    <ClCompile Include="Src\Scene\Lexer.cpp">
      <Filter>Source Files</Filter>
    </ClCompile>
    <ClCompile Include="Src\Scene\BuildInstance.cpp">
      <Filter>Source Files</Filter>
    </ClCompile>
    <ClCompile Include="Src\Core\Input\Input.cpp">
      <Filter>Source Files</Filter>
    </ClCompile>
    <ClCompile Include="Src\Core\Commands\Command.cpp">
      <Filter>Source Files</Filter>
    </ClCompile>
    <ClCompile Include="Src\Core\Commands\Help.cpp">
      <Filter>Source Files</Filter>
    </ClCompile>
    <ClCompile Include="Src\Core\Commands\New.cpp">
      <Filter>Source Files</Filter>
    </ClCompile>
    <ClCompile Include="Src\Core\Commands\AddChild.cpp">
      <Filter>Source Files</Filter>
    </ClCompile>
    <ClCompile Include="Src\Core\Commands\PrintTree.cpp">
      <Filter>Source Files</Filter>
    </ClCompile>
    <ClCompile Include="Src\Core\Commands\Clear.cpp">
      <Filter>Source Files</Filter>
    </ClCompile>
    <ClCompile Include="Src\Core\Commands\Delete.cpp">
      <Filter>Source Files</Filter>
    </ClCompile>
    <ClCompile Include="Src\Assets\Mesh2D\CircleMesh2D.cpp">
      <Filter>Source Files</Filter>
    </ClCompile>
    <ClCompile Include="Src\Core\Commands\LoadScene.cpp">
      <Filter>Source Files</Filter>
    </ClCompile>
  </ItemGroup>
  <ItemGroup>
    <ClInclude Include="Src\Assets\Asset.h">
      <Filter>Header Files</Filter>
    </ClInclude>
    <ClInclude Include="Src\Assets\Image\FileImage.h">
      <Filter>Header Files</Filter>
    </ClInclude>
    <ClInclude Include="Src\Assets\Image\Image.h">
      <Filter>Header Files</Filter>
    </ClInclude>
    <ClInclude Include="Src\Assets\Material\Material.h">
      <Filter>Header Files</Filter>
    </ClInclude>
    <ClInclude Include="Src\Assets\Mesh2D\Mesh2D.h">
      <Filter>Header Files</Filter>
    </ClInclude>
    <ClInclude Include="Src\Core\Engine.h">
      <Filter>Header Files</Filter>
    </ClInclude>
    <ClInclude Include="Src\Scene\Scene.h">
      <Filter>Header Files</Filter>
    </ClInclude>
    <ClInclude Include="Src\Objects\Object.h">
      <Filter>Header Files</Filter>
    </ClInclude>
    <ClInclude Include="Src\Core\Signal.h">
      <Filter>Header Files</Filter>
    </ClInclude>
    <ClInclude Include="Src\Platform\Agnostic\Window.h">
      <Filter>Header Files</Filter>
    </ClInclude>
    <ClInclude Include="Src\Platform\Agnostic\main.h">
      <Filter>Header Files</Filter>
    </ClInclude>
    <ClInclude Include="Src\Objects\2D\Object2D.h">
      <Filter>Header Files</Filter>
    </ClInclude>
    <ClInclude Include="Src\Objects\2D\VisualInstance2D\Sprite2D.h">
      <Filter>Header Files</Filter>
    </ClInclude>
    <ClInclude Include="Src\Objects\2D\VisualInstance2D\VisualInstance2D.h">
      <Filter>Header Files</Filter>
    </ClInclude>
    <ClInclude Include="Src\Assets\Mesh2D\BoxMesh2D.h">
      <Filter>Header Files</Filter>
    </ClInclude>
    <ClInclude Include="Src\Core\AssetDB.h">
      <Filter>Header Files</Filter>
    </ClInclude>
    <ClInclude Include="Src\Objects\2D\Camera2D.h">
      <Filter>Header Files</Filter>
    </ClInclude>
    <ClInclude Include="Src\Core\Input\InputEvent.h">
      <Filter>Header Files</Filter>
    </ClInclude>
    <ClInclude Include="Src\Core\Input\InputEventKey.h">
      <Filter>Header Files</Filter>
    </ClInclude>
    <ClInclude Include="Src\Core\Input\InputEventMouseButton.h">
      <Filter>Header Files</Filter>
    </ClInclude>
    <ClInclude Include="Src\Objects\2D\_Internal\DevCamera2D.h">
      <Filter>Header Files</Filter>
    </ClInclude>
    <ClInclude Include="Src\Assets\Script\Script.h">
      <Filter>Header Files</Filter>
    </ClInclude>
    <ClInclude Include="Src\Assets\Script\Added Modules\EngineModule.h">
      <Filter>Header Files</Filter>
    </ClInclude>
    <ClInclude Include="Src\Scene\SceneParser.h">
      <Filter>Header Files</Filter>
    </ClInclude>
    <ClInclude Include="Src\Scene\LoadableTypes.h">
      <Filter>Header Files</Filter>
    </ClInclude>
    <ClInclude Include="Src\Scene\Lexer.h">
      <Filter>Header Files</Filter>
    </ClInclude>
    <ClInclude Include="Src\Scene\Tokens.h">
      <Filter>Header Files</Filter>
    </ClInclude>
    <ClInclude Include="Src\Assets\Script\Added Modules\ObjectModule.h">
      <Filter>Header Files</Filter>
    </ClInclude>
    <ClInclude Include="Src\Core\Input\Input.h">
      <Filter>Header Files</Filter>
    </ClInclude>
    <ClInclude Include="Src\Core\Commands\Command.h">
      <Filter>Header Files</Filter>
    </ClInclude>
    <ClInclude Include="Src\Core\Commands\Help.h">
      <Filter>Header Files</Filter>
    </ClInclude>
    <ClInclude Include="Src\Core\Commands\New.h">
      <Filter>Header Files</Filter>
    </ClInclude>
    <ClInclude Include="Src\Core\Commands\AddChild.h">
      <Filter>Header Files</Filter>
    </ClInclude>
    <ClInclude Include="Src\Core\Commands\PrintTree.h">
      <Filter>Header Files</Filter>
    </ClInclude>
    <ClInclude Include="Src\Core\Commands\Clear.h">
      <Filter>Header Files</Filter>
    </ClInclude>
    <ClInclude Include="Src\Core\Commands\Delete.h">
      <Filter>Header Files</Filter>
    </ClInclude>
    <ClInclude Include="Src\Assets\Mesh2D\CircleMesh2D.h">
      <Filter>Header Files</Filter>
    </ClInclude>
    <ClInclude Include="Src\Core\Commands\LoadScene.h">
      <Filter>Header Files</Filter>
    </ClInclude>
  </ItemGroup>
  <ItemGroup>
    <Text Include="Working\NovaData\BootMessage.txt" />
  </ItemGroup>
  <ItemGroup>
    <None Include="Working\Projects\Test_Project\Scripts\print_speedrun.ns" />
    <None Include="Working\NovaData\CustomInit.ns" />
    <None Include="Working\Projects\Test_Project\Scripts\test.ns" />
    <None Include="Working\Projects\Test_Project\Scripts\string_test.ns" />
    <None Include="Working\Projects\Test_Project\Scripts\StartupScript.ns" />
    <None Include="Working\Projects\Test_Project\TestScene.nscene" />
    <None Include="Working\NovaData\Shaders\sprite2d_vertex.glsl" />
    <None Include="Working\NovaData\Shaders\sprite2d_fragment.glsl" />
    <None Include="Working\Projects\Test_Project\Scripts\optimizer_test.ns" />
    <None Include="Working\Projects\Test_Project\Scripts\rotater.ns" />
    <None Include="Working\Projects\Test_Project\Scripts\LoopTest.ns" />
    <None Include="Working\Projects\Test_Project\OtherScene.nscene" />
  </ItemGroup>
</Project>